
Microsoft Visual Studio Solution File, Format Version 12.00
# Visual Studio Version 17
VisualStudioVersion = 17.3.32929.385
MinimumVisualStudioVersion = 10.0.40219.1
Project("{FAE04EC0-301F-11D3-BF4B-00C04F79EFBC}") = "Self_Organizing_Map", "Self_Organizing_Map.csproj", "{36545DAF-0CFF-4F1F-81E5-7A0382B1A4C0}"
EndProject
Global
	GlobalSection(SolutionConfigurationPlatforms) = preSolution
		Debug|Any CPU = Debug|Any CPU
		Release|Any CPU = Release|Any CPU
	EndGlobalSection
	GlobalSection(ProjectConfigurationPlatforms) = postSolution
		{36545DAF-0CFF-4F1F-81E5-7A0382B1A4C0}.Debug|Any CPU.ActiveCfg = Debug|Any CPU
		{36545DAF-0CFF-4F1F-81E5-7A0382B1A4C0}.Debug|Any CPU.Build.0 = Debug|Any CPU
		{36545DAF-0CFF-4F1F-81E5-7A0382B1A4C0}.Release|Any CPU.ActiveCfg = Release|Any CPU
		{36545DAF-0CFF-4F1F-81E5-7A0382B1A4C0}.Release|Any CPU.Build.0 = Release|Any CPU
	EndGlobalSection
	GlobalSection(SolutionProperties) = preSolution
		HideSolutionNode = FALSE
	EndGlobalSection
	GlobalSection(ExtensibilityGlobals) = postSolution
		SolutionGuid = {7EAD82CF-AEA1-4656-BE02-89D1B820E539}
	EndGlobalSection
EndGlobal
